{
  "name": "@npm/policies",
  "version": "1.0.0",
  "lockfileVersion": 1,
  "requires": true,
  "dependencies": {
    "@npm/mkp": {
      "version": "1.0.2",
      "resolved": "https://registry.internal.npmjs.com/@/@npm/mkp/_attachments/mkp-1.0.2.tgz",
      "integrity": "sha512-DrxDTeEzLKoRtFwTTIBLajDG2P5I4sZCxdbA/XRe+wL6xaFAfwfeQwZY9mRl5x96l46/K6yHCD4qPVV2UqcMLw==",
      "requires": {
        "axios": "0.18.0",
        "cuid": "2.1.0",
        "minimist": "1.2.0",
        "rc": "1.2.6"
      }
    },
    "axios": {
      "version": "0.18.0",
      "resolved": "https://registry.npmjs.org/axios/-/axios-0.18.0.tgz",
      "integrity": "sha1-MtU+SFHv3AoRmTts0AB4nXDAUQI=",
      "requires": {
        "follow-redirects": "1.4.1",
        "is-buffer": "1.1.6"
      }
    },
    "cuid": {
      "version": "2.1.0",
      "resolved": "https://registry.npmjs.org/cuid/-/cuid-2.1.0.tgz",
      "integrity": "sha512-bXgtIl3CPO0kzfx46z3CPuOoyxEA32ljiLWG3TE60rpe3j99aoVK7p5EBQkHh4AyLBgXSbhJyEzo9SA1VKPRLA=="
    },
    "debug": {
      "version": "3.1.0",
      "resolved": "https://registry.npmjs.org/debug/-/debug-3.1.0.tgz",
      "integrity": "sha512-OX8XqP7/1a9cqkxYw2yXss15f26NKWBpDXQd0/uK/KPqdQhxbPa994hnzjcE2VqQpDslf55723cKPUOGSmMY3g==",
      "requires": {
        "ms": "2.0.0"
      }
    },
    "deep-extend": {
      "version": "0.4.2",
      "resolved": "https://registry.npmjs.org/deep-extend/-/deep-extend-0.4.2.tgz",
      "integrity": "sha1-SLaZwn4zS/ifEIkr5DL25MfTSn8="
    },
    "follow-redirects": {
      "version": "1.4.1",
      "resolved": "https://registry.npmjs.org/follow-redirects/-/follow-redirects-1.4.1.tgz",
      "integrity": "sha512-uxYePVPogtya1ktGnAAXOacnbIuRMB4dkvqeNz2qTtTQsuzSfbDolV+wMMKxAmCx0bLgAKLbBOkjItMbbkR1vg==",
      "requires": {
        "debug": "3.1.0"
      }
    },
    "ini": {
      "version": "1.3.5",
      "resolved": "https://registry.npmjs.org/ini/-/ini-1.3.5.tgz",
      "integrity": "sha512-RZY5huIKCMRWDUqZlEi72f/lmXKMvuszcMBduliQ3nnWbx9X/ZBQO7DijMEYS9EhHBb2qacRUMtC7svLwe0lcw=="
    },
    "is-buffer": {
      "version": "1.1.6",
      "resolved": "https://registry.npmjs.org/is-buffer/-/is-buffer-1.1.6.tgz",
      "integrity": "sha512-NcdALwpXkTm5Zvvbk7owOUSvVvBKDgKP5/ewfXEznmQFfs4ZRmanOeKBTjRVjka3QFoN6XJ+9F3USqfHqTaU5w=="
    },
    "marked": {
      "version": "0.3.17",
      "resolved": "https://registry.npmjs.org/marked/-/marked-0.3.17.tgz",
      "integrity": "sha512-+AKbNsjZl6jFfLPwHhWmGTqE009wTKn3RTmn9K8oUKHrX/abPJjtcRtXpYB/FFrwPJRUA86LX/de3T0knkPCmQ=="
    },
    "minimist": {
      "version": "1.2.0",
      "resolved": "https://registry.npmjs.org/minimist/-/minimist-1.2.0.tgz",
      "integrity": "sha1-o1AIsg9BOD7sH7kU9M1d95omQoQ="
    },
    "ms": {
      "version": "2.0.0",
      "resolved": "https://registry.npmjs.org/ms/-/ms-2.0.0.tgz",
      "integrity": "sha1-VgiurfwAvmwpAd9fmGF4jeDVl8g="
    },
    "rc": {
      "version": "1.2.6",
      "resolved": "https://registry.npmjs.org/rc/-/rc-1.2.6.tgz",
      "integrity": "sha1-6xiYnG1PTxYsOZ953dKfODVWgJI=",
      "requires": {
        "deep-extend": "0.4.2",
        "ini": "1.3.5",
        "minimist": "1.2.0",
        "strip-json-comments": "2.0.1"
      }
    },
    "strip-json-comments": {
      "version": "2.0.1",
      "resolved": "https://registry.npmjs.org/strip-json-comments/-/strip-json-comments-2.0.1.tgz",
      "integrity": "sha1-PFMZQukIwml8DsNEhYwobHygpgo="
    }
  }
}
